<?xml version="1.0" encoding="utf-8"?>
<Project ToolsVersion="4.0" xmlns="http://schemas.microsoft.com/developer/msbuild/2003">
  <ItemGroup>
    <Filter Include="소스 파일">
      <UniqueIdentifier>{4FC737F1-C7A5-4376-A066-2A32D752A2FF}</UniqueIdentifier>
      <Extensions>cpp;c;cc;cxx;def;odl;idl;hpj;bat;asm;asmx</Extensions>
    </Filter>
    <Filter Include="헤더 파일">
      <UniqueIdentifier>{93995380-89BD-4b04-88EB-625FBE52EBFB}</UniqueIdentifier>
      <Extensions>h;hh;hpp;hxx;hm;inl;inc;xsd</Extensions>
    </Filter>
    <Filter Include="리소스 파일">
      <UniqueIdentifier>{67DA6AB6-F800-4c08-8B7A-83BB121AAD01}</UniqueIdentifier>
      <Extensions>rc;ico;cur;bmp;dlg;rc2;rct;bin;rgs;gif;jpg;jpeg;jpe;resx;tiff;tif;png;wav;mfcribbon-ms</Extensions>
    </Filter>
    <Filter Include="프로세스관련">
      <UniqueIdentifier>{4e37b94a-7527-40fa-a80f-ec0db4648cf2}</UniqueIdentifier>
    </Filter>
    <Filter Include="프로세스관련\리스트">
      <UniqueIdentifier>{89f64f60-a819-4581-bf6e-fc8549e4d1ba}</UniqueIdentifier>
    </Filter>
    <Filter Include="전처리">
      <UniqueIdentifier>{52edd3bf-1ea1-444c-9040-232a8cc376cd}</UniqueIdentifier>
    </Filter>
    <Filter Include="에러">
      <UniqueIdentifier>{09f85bcd-b097-4b3b-ad6a-61f3b33642ca}</UniqueIdentifier>
    </Filter>
    <Filter Include="에러\에러코드">
      <UniqueIdentifier>{8a0dd232-c565-43fd-88a7-e2816c7822a6}</UniqueIdentifier>
    </Filter>
    <Filter Include="객체 관리">
      <UniqueIdentifier>{9b8a3bf4-d661-432b-ab42-2f274553d814}</UniqueIdentifier>
    </Filter>
    <Filter Include="프로세스관련\관리">
      <UniqueIdentifier>{1aa35894-dada-479c-a1d2-dfa4c316001b}</UniqueIdentifier>
    </Filter>
    <Filter Include="유틸">
      <UniqueIdentifier>{9f937af3-bc33-4076-9a13-6b9332c3c8ba}</UniqueIdentifier>
    </Filter>
    <Filter Include="스캔">
      <UniqueIdentifier>{1e600cef-c060-45db-8387-5f429fd752d3}</UniqueIdentifier>
    </Filter>
  </ItemGroup>
  <ItemGroup>
    <Text Include="ReadMe.txt" />
  </ItemGroup>
  <ItemGroup>
    <ClInclude Include="JHEngine.h">
      <Filter>헤더 파일</Filter>
    </ClInclude>
    <ClInclude Include="JHEngineDlg.h">
      <Filter>헤더 파일</Filter>
    </ClInclude>
    <ClInclude Include="stdafx.h">
      <Filter>헤더 파일</Filter>
    </ClInclude>
    <ClInclude Include="targetver.h">
      <Filter>헤더 파일</Filter>
    </ClInclude>
    <ClInclude Include="Resource.h">
      <Filter>헤더 파일</Filter>
    </ClInclude>
    <ClInclude Include="process\list\process_list.hpp">
      <Filter>프로세스관련\리스트</Filter>
    </ClInclude>
    <ClInclude Include="preprocess\jhengine_preprocess.hpp">
      <Filter>전처리</Filter>
    </ClInclude>
    <ClInclude Include="error\jhengine_errorcode.h">
      <Filter>에러\에러코드</Filter>
    </ClInclude>
    <ClInclude Include="ProcessDialog.h">
      <Filter>헤더 파일</Filter>
    </ClInclude>
    <ClInclude Include="object_manager\object_manager.hpp">
      <Filter>객체 관리</Filter>
    </ClInclude>
    <ClInclude Include="process\manager\process_manager.hpp">
      <Filter>프로세스관련\관리</Filter>
    </ClInclude>
    <ClInclude Include="utils\jhengine_utils.hpp">
      <Filter>유틸</Filter>
    </ClInclude>
    <ClInclude Include="scan\memory_scanner.hpp">
      <Filter>스캔</Filter>
    </ClInclude>
    <ClInclude Include="thread_manager\worker_manager.hpp">
      <Filter>객체 관리</Filter>
    </ClInclude>
  </ItemGroup>
  <ItemGroup>
    <ClCompile Include="JHEngine.cpp">
      <Filter>소스 파일</Filter>
    </ClCompile>
    <ClCompile Include="JHEngineDlg.cpp">
      <Filter>소스 파일</Filter>
    </ClCompile>
    <ClCompile Include="stdafx.cpp">
      <Filter>소스 파일</Filter>
    </ClCompile>
    <ClCompile Include="ProcessDialog.cpp">
      <Filter>소스 파일</Filter>
    </ClCompile>
  </ItemGroup>
  <ItemGroup>
    <ResourceCompile Include="JHEngine.rc">
      <Filter>리소스 파일</Filter>
    </ResourceCompile>
  </ItemGroup>
  <ItemGroup>
    <Image Include="res\JHEngine.ico">
      <Filter>리소스 파일</Filter>
    </Image>
    <Image Include="..\imageres_15.ico">
      <Filter>리소스 파일</Filter>
    </Image>
    <Image Include="resource\bmp\openprocess.bmp">
      <Filter>리소스 파일</Filter>
    </Image>
  </ItemGroup>
</Project>